
Microsoft Visual Studio Solution File, Format Version 11.00
# Visual Studio 2010
Project("{FAE04EC0-301F-11D3-BF4B-00C04F79EFBC}") = "Twitruc", "Twitruc\Twitruc.csproj", "{C960941A-F567-48FC-9E8D-C43367A6A90D}"
EndProject
Project("{FAE04EC0-301F-11D3-BF4B-00C04F79EFBC}") = "Twitruc.DAL", "Twitruc.DAL\Twitruc.DAL.csproj", "{89C7AE83-09F4-467A-9201-EB092F6922C5}"
EndProject
Project("{FAE04EC0-301F-11D3-BF4B-00C04F79EFBC}") = "TwittrucTests", "TwittrucTests\TwittrucTests.csproj", "{479D8D65-B2B2-4F71-AF3F-D0B54FE67651}"
EndProject
Project("{2150E333-8FDC-42A3-9474-1A3956D46DE8}") = "Solution Items", "Solution Items", "{5E5F7196-675D-47EF-8B2C-381727543D96}"
	ProjectSection(SolutionItems) = preProject
		Local.testsettings = Local.testsettings
		TraceAndTestImpact.testsettings = TraceAndTestImpact.testsettings
		Twitruc.vsmdi = Twitruc.vsmdi
	EndProjectSection
EndProject
Global
	GlobalSection(TestCaseManagementSettings) = postSolution
		CategoryFile = Twitruc.vsmdi
	EndGlobalSection
	GlobalSection(SolutionConfigurationPlatforms) = preSolution
		Debug|Any CPU = Debug|Any CPU
		Release|Any CPU = Release|Any CPU
	EndGlobalSection
	GlobalSection(ProjectConfigurationPlatforms) = postSolution
		{C960941A-F567-48FC-9E8D-C43367A6A90D}.Debug|Any CPU.ActiveCfg = Debug|Any CPU
		{C960941A-F567-48FC-9E8D-C43367A6A90D}.Debug|Any CPU.Build.0 = Debug|Any CPU
		{C960941A-F567-48FC-9E8D-C43367A6A90D}.Release|Any CPU.ActiveCfg = Release|Any CPU
		{C960941A-F567-48FC-9E8D-C43367A6A90D}.Release|Any CPU.Build.0 = Release|Any CPU
		{89C7AE83-09F4-467A-9201-EB092F6922C5}.Debug|Any CPU.ActiveCfg = Debug|Any CPU
		{89C7AE83-09F4-467A-9201-EB092F6922C5}.Debug|Any CPU.Build.0 = Debug|Any CPU
		{89C7AE83-09F4-467A-9201-EB092F6922C5}.Release|Any CPU.ActiveCfg = Release|Any CPU
		{89C7AE83-09F4-467A-9201-EB092F6922C5}.Release|Any CPU.Build.0 = Release|Any CPU
		{479D8D65-B2B2-4F71-AF3F-D0B54FE67651}.Debug|Any CPU.ActiveCfg = Debug|Any CPU
		{479D8D65-B2B2-4F71-AF3F-D0B54FE67651}.Debug|Any CPU.Build.0 = Debug|Any CPU
		{479D8D65-B2B2-4F71-AF3F-D0B54FE67651}.Release|Any CPU.ActiveCfg = Release|Any CPU
		{479D8D65-B2B2-4F71-AF3F-D0B54FE67651}.Release|Any CPU.Build.0 = Release|Any CPU
	EndGlobalSection
	GlobalSection(SolutionProperties) = preSolution
		HideSolutionNode = FALSE
	EndGlobalSection
EndGlobal
