
Microsoft Visual Studio Solution File, Format Version 11.00
# Visual Studio 2010
Project("{FAE04EC0-301F-11D3-BF4B-00C04F79EFBC}") = "Twitruc", "Twitruc\Twitruc.csproj", "{C960941A-F567-48FC-9E8D-C43367A6A90D}"
EndProject
Global
	GlobalSection(SolutionConfigurationPlatforms) = preSolution
		Debug|Any CPU = Debug|Any CPU
		Release|Any CPU = Release|Any CPU
	EndGlobalSection
	GlobalSection(ProjectConfigurationPlatforms) = postSolution
		{C960941A-F567-48FC-9E8D-C43367A6A90D}.Debug|Any CPU.ActiveCfg = Debug|Any CPU
		{C960941A-F567-48FC-9E8D-C43367A6A90D}.Debug|Any CPU.Build.0 = Debug|Any CPU
		{C960941A-F567-48FC-9E8D-C43367A6A90D}.Release|Any CPU.ActiveCfg = Release|Any CPU
		{C960941A-F567-48FC-9E8D-C43367A6A90D}.Release|Any CPU.Build.0 = Release|Any CPU
	EndGlobalSection
	GlobalSection(SolutionProperties) = preSolution
		HideSolutionNode = FALSE
	EndGlobalSection
EndGlobal
